<?xml version="1.0" encoding="utf-8"?>
<Project ToolsVersion="4.0" xmlns="http://schemas.microsoft.com/developer/msbuild/2003">
  <ItemGroup>
    <Filter Include="Form Files">
      <UniqueIdentifier>{99349809-55BA-4b9d-BF79-8FDBB0286EB3}</UniqueIdentifier>
      <Extensions>ui</Extensions>
    </Filter>
    <Filter Include="Resource Files">
      <UniqueIdentifier>{D9D6E242-F8AF-46E4-B9FD-80ECBC20BA3E}</UniqueIdentifier>
      <Extensions>qrc;*</Extensions>
      <ParseFiles>false</ParseFiles>
    </Filter>
    <Filter Include="Generated Files">
      <UniqueIdentifier>{71ED8ED8-ACB9-4CE9-BBE1-E00B30144E11}</UniqueIdentifier>
      <Extensions>moc;h;cpp</Extensions>
      <SourceControlFiles>False</SourceControlFiles>
    </Filter>
    <Filter Include="Generated Files\Debug">
      <UniqueIdentifier>{cc831844-b974-48d4-a2df-0f8ba4526139}</UniqueIdentifier>
      <Extensions>cpp;moc</Extensions>
      <SourceControlFiles>False</SourceControlFiles>
    </Filter>
    <Filter Include="Generated Files\Release">
      <UniqueIdentifier>{a33c70dc-064d-4636-a18f-6dadf4279a67}</UniqueIdentifier>
      <Extensions>cpp;moc</Extensions>
      <SourceControlFiles>False</SourceControlFiles>
    </Filter>
    <Filter Include="MyLib">
      <UniqueIdentifier>{13e3d1b1-0535-47ee-91d9-a58eeabef9a5}</UniqueIdentifier>
    </Filter>
    <Filter Include="MyLib\QtAdd">
      <UniqueIdentifier>{7dc3705b-c1d8-4e2e-9082-7684ccff2829}</UniqueIdentifier>
    </Filter>
    <Filter Include="OpenGL">
      <UniqueIdentifier>{cf5f6c94-0676-4dbb-81ac-e27c977c4969}</UniqueIdentifier>
    </Filter>
    <Filter Include="GUI">
      <UniqueIdentifier>{c4d8341a-7ee4-418b-8a35-2fd3861b6447}</UniqueIdentifier>
    </Filter>
    <Filter Include="3D">
      <UniqueIdentifier>{b6ce12e0-13a1-47e3-ad47-4a74f3f3400b}</UniqueIdentifier>
    </Filter>
    <Filter Include="main">
      <UniqueIdentifier>{4e230f96-baa1-49dc-a3ba-b62f87a5590c}</UniqueIdentifier>
    </Filter>
  </ItemGroup>
  <ItemGroup>
    <CustomBuild Include="KawaiiGL.qrc">
      <Filter>Resource Files</Filter>
    </CustomBuild>
    <CustomBuild Include="DispContDlg.ui">
      <Filter>Form Files</Filter>
    </CustomBuild>
    <CustomBuild Include="KawaiiGL.ui">
      <Filter>Form Files</Filter>
    </CustomBuild>
    <CustomBuild Include="KwEdit.ui">
      <Filter>Form Files</Filter>
    </CustomBuild>
    <CustomBuild Include="PParamsWidget.ui">
      <Filter>Form Files</Filter>
    </CustomBuild>
    <CustomBuild Include="ProjBrowser.ui">
      <Filter>Form Files</Filter>
    </CustomBuild>
    <CustomBuild Include="ShaderConfigDlg.ui">
      <Filter>Form Files</Filter>
    </CustomBuild>
    <CustomBuild Include="ConfXmls.h">
      <Filter>main</Filter>
    </CustomBuild>
    <CustomBuild Include="DisplayConf.h">
      <Filter>main</Filter>
    </CustomBuild>
    <CustomBuild Include="Document.h">
      <Filter>main</Filter>
    </CustomBuild>
    <CustomBuild Include="KawaiiGL.h">
      <Filter>main</Filter>
    </CustomBuild>
    <CustomBuild Include="T2GLWidget.h">
      <Filter>main</Filter>
    </CustomBuild>
    <CustomBuild Include="MyLib\MyColorPicker.ui">
      <Filter>Form Files</Filter>
    </CustomBuild>
    <CustomBuild Include="MyLib\MyInputDlg.ui">
      <Filter>Form Files</Filter>
    </CustomBuild>
    <CustomBuild Include="MyLib\MyColorPicker.h">
      <Filter>MyLib</Filter>
    </CustomBuild>
    <CustomBuild Include="MyLib\MyDialog.h">
      <Filter>MyLib</Filter>
    </CustomBuild>
    <CustomBuild Include="MyLib\MyInputDlg.h">
      <Filter>MyLib</Filter>
    </CustomBuild>
    <CustomBuild Include="MyLib\ParamBase.h">
      <Filter>MyLib</Filter>
    </CustomBuild>
    <CustomBuild Include="MyLib\QtAdd\qtcolortriangle.h">
      <Filter>MyLib\QtAdd</Filter>
    </CustomBuild>
    <CustomBuild Include="MyLib\QtAdd\CloseButton.h">
      <Filter>MyLib\QtAdd</Filter>
    </CustomBuild>
    <CustomBuild Include="KwEdit.h">
      <Filter>GUI</Filter>
    </CustomBuild>
    <CustomBuild Include="PParamsWidget.h">
      <Filter>GUI</Filter>
    </CustomBuild>
    <CustomBuild Include="GLWidget.h">
      <Filter>GUI</Filter>
    </CustomBuild>
    <CustomBuild Include="ControlPanel.h">
      <Filter>GUI</Filter>
    </CustomBuild>
    <CustomBuild Include="ShaderConfigDlg.h">
      <Filter>GUI</Filter>
    </CustomBuild>
    <CustomBuild Include="ProjBrowser.h">
      <Filter>GUI</Filter>
    </CustomBuild>
    <CustomBuild Include="ProgTextEdit.h">
      <Filter>GUI</Filter>
    </CustomBuild>
    <CustomBuild Include="ParamUI.h">
      <Filter>GUI</Filter>
    </CustomBuild>
    <CustomBuild Include="Pass.h">
      <Filter>main</Filter>
    </CustomBuild>
  </ItemGroup>
  <ItemGroup>
    <ClCompile Include="GeneratedFiles\Debug\moc_ConfXmls.cpp">
      <Filter>Generated Files\Debug</Filter>
    </ClCompile>
    <ClCompile Include="GeneratedFiles\Release\moc_ConfXmls.cpp">
      <Filter>Generated Files\Release</Filter>
    </ClCompile>
    <ClCompile Include="GeneratedFiles\Debug\moc_ControlPanel.cpp">
      <Filter>Generated Files\Debug</Filter>
    </ClCompile>
    <ClCompile Include="GeneratedFiles\Release\moc_ControlPanel.cpp">
      <Filter>Generated Files\Release</Filter>
    </ClCompile>
    <ClCompile Include="GeneratedFiles\Debug\moc_DisplayConf.cpp">
      <Filter>Generated Files\Debug</Filter>
    </ClCompile>
    <ClCompile Include="GeneratedFiles\Release\moc_DisplayConf.cpp">
      <Filter>Generated Files\Release</Filter>
    </ClCompile>
    <ClCompile Include="GeneratedFiles\Debug\moc_Document.cpp">
      <Filter>Generated Files\Debug</Filter>
    </ClCompile>
    <ClCompile Include="GeneratedFiles\Release\moc_Document.cpp">
      <Filter>Generated Files\Release</Filter>
    </ClCompile>
    <ClCompile Include="GeneratedFiles\Debug\moc_GLWidget.cpp">
      <Filter>Generated Files\Debug</Filter>
    </ClCompile>
    <ClCompile Include="GeneratedFiles\Release\moc_GLWidget.cpp">
      <Filter>Generated Files\Release</Filter>
    </ClCompile>
    <ClCompile Include="GeneratedFiles\Debug\moc_KawaiiGL.cpp">
      <Filter>Generated Files\Debug</Filter>
    </ClCompile>
    <ClCompile Include="GeneratedFiles\Release\moc_KawaiiGL.cpp">
      <Filter>Generated Files\Release</Filter>
    </ClCompile>
    <ClCompile Include="GeneratedFiles\Debug\moc_KwEdit.cpp">
      <Filter>Generated Files\Debug</Filter>
    </ClCompile>
    <ClCompile Include="GeneratedFiles\Release\moc_KwEdit.cpp">
      <Filter>Generated Files\Release</Filter>
    </ClCompile>
    <ClCompile Include="GeneratedFiles\Debug\moc_ParamUI.cpp">
      <Filter>Generated Files\Debug</Filter>
    </ClCompile>
    <ClCompile Include="GeneratedFiles\Release\moc_ParamUI.cpp">
      <Filter>Generated Files\Release</Filter>
    </ClCompile>
    <ClCompile Include="GeneratedFiles\Debug\moc_Pass.cpp">
      <Filter>Generated Files\Debug</Filter>
    </ClCompile>
    <ClCompile Include="GeneratedFiles\Release\moc_Pass.cpp">
      <Filter>Generated Files\Release</Filter>
    </ClCompile>
    <ClCompile Include="GeneratedFiles\Debug\moc_PParamsWidget.cpp">
      <Filter>Generated Files\Debug</Filter>
    </ClCompile>
    <ClCompile Include="GeneratedFiles\Release\moc_PParamsWidget.cpp">
      <Filter>Generated Files\Release</Filter>
    </ClCompile>
    <ClCompile Include="GeneratedFiles\Debug\moc_ProgTextEdit.cpp">
      <Filter>Generated Files\Debug</Filter>
    </ClCompile>
    <ClCompile Include="GeneratedFiles\Release\moc_ProgTextEdit.cpp">
      <Filter>Generated Files\Release</Filter>
    </ClCompile>
    <ClCompile Include="GeneratedFiles\Debug\moc_ProjBrowser.cpp">
      <Filter>Generated Files\Debug</Filter>
    </ClCompile>
    <ClCompile Include="GeneratedFiles\Release\moc_ProjBrowser.cpp">
      <Filter>Generated Files\Release</Filter>
    </ClCompile>
    <ClCompile Include="GeneratedFiles\Debug\moc_ShaderConfigDlg.cpp">
      <Filter>Generated Files\Debug</Filter>
    </ClCompile>
    <ClCompile Include="GeneratedFiles\Release\moc_ShaderConfigDlg.cpp">
      <Filter>Generated Files\Release</Filter>
    </ClCompile>
    <ClCompile Include="GeneratedFiles\Debug\moc_T2GLWidget.cpp">
      <Filter>Generated Files\Debug</Filter>
    </ClCompile>
    <ClCompile Include="GeneratedFiles\Release\moc_T2GLWidget.cpp">
      <Filter>Generated Files\Release</Filter>
    </ClCompile>
    <ClCompile Include="GeneratedFiles\qrc_KawaiiGL.cpp">
      <Filter>Generated Files</Filter>
    </ClCompile>
    <ClCompile Include="ConfXmls.cpp">
      <Filter>main</Filter>
    </ClCompile>
    <ClCompile Include="Document.cpp">
      <Filter>main</Filter>
    </ClCompile>
    <ClCompile Include="general.cpp">
      <Filter>main</Filter>
    </ClCompile>
    <ClCompile Include="KawaiiGL.cpp">
      <Filter>main</Filter>
    </ClCompile>
    <ClCompile Include="main.cpp">
      <Filter>main</Filter>
    </ClCompile>
    <ClCompile Include="T2GLWidget.cpp">
      <Filter>main</Filter>
    </ClCompile>
    <ClCompile Include="GeneratedFiles\Debug\moc_MyColorPicker.cpp">
      <Filter>Generated Files\Debug</Filter>
    </ClCompile>
    <ClCompile Include="GeneratedFiles\Release\moc_MyColorPicker.cpp">
      <Filter>Generated Files\Release</Filter>
    </ClCompile>
    <ClCompile Include="GeneratedFiles\Debug\moc_MyDialog.cpp">
      <Filter>Generated Files\Debug</Filter>
    </ClCompile>
    <ClCompile Include="GeneratedFiles\Release\moc_MyDialog.cpp">
      <Filter>Generated Files\Release</Filter>
    </ClCompile>
    <ClCompile Include="GeneratedFiles\Debug\moc_MyInputDlg.cpp">
      <Filter>Generated Files\Debug</Filter>
    </ClCompile>
    <ClCompile Include="GeneratedFiles\Release\moc_MyInputDlg.cpp">
      <Filter>Generated Files\Release</Filter>
    </ClCompile>
    <ClCompile Include="GeneratedFiles\Debug\moc_ParamBase.cpp">
      <Filter>Generated Files\Debug</Filter>
    </ClCompile>
    <ClCompile Include="GeneratedFiles\Release\moc_ParamBase.cpp">
      <Filter>Generated Files\Release</Filter>
    </ClCompile>
    <ClCompile Include="MyLib\ExGroupBox.cpp">
      <Filter>MyLib</Filter>
    </ClCompile>
    <ClCompile Include="MyLib\Mesh.cpp">
      <Filter>MyLib</Filter>
    </ClCompile>
    <ClCompile Include="MyLib\MeshIO.cpp">
      <Filter>MyLib</Filter>
    </ClCompile>
    <ClCompile Include="MyLib\MyColorPicker.cpp">
      <Filter>MyLib</Filter>
    </ClCompile>
    <ClCompile Include="MyLib\MyInputDlg.cpp">
      <Filter>MyLib</Filter>
    </ClCompile>
    <ClCompile Include="MyLib\ParamBase.cpp">
      <Filter>MyLib</Filter>
    </ClCompile>
    <ClCompile Include="MyLib\TrMatrix.cpp">
      <Filter>MyLib</Filter>
    </ClCompile>
    <ClCompile Include="GeneratedFiles\Debug\moc_CloseButton.cpp">
      <Filter>Generated Files\Debug</Filter>
    </ClCompile>
    <ClCompile Include="GeneratedFiles\Release\moc_CloseButton.cpp">
      <Filter>Generated Files\Release</Filter>
    </ClCompile>
    <ClCompile Include="GeneratedFiles\Debug\moc_qtcolortriangle.cpp">
      <Filter>Generated Files\Debug</Filter>
    </ClCompile>
    <ClCompile Include="GeneratedFiles\Release\moc_qtcolortriangle.cpp">
      <Filter>Generated Files\Release</Filter>
    </ClCompile>
    <ClCompile Include="MyLib\QtAdd\CloseButton.cpp">
      <Filter>MyLib\QtAdd</Filter>
    </ClCompile>
    <ClCompile Include="MyLib\QtAdd\qtcolortriangle.cpp">
      <Filter>MyLib\QtAdd</Filter>
    </ClCompile>
    <ClCompile Include="MyLib\GSDFile\GSDParser.cpp">
      <Filter>MyLib\QtAdd</Filter>
    </ClCompile>
    <ClCompile Include="OpenGL\MyFrameBufferObject.cpp">
      <Filter>OpenGL</Filter>
    </ClCompile>
    <ClCompile Include="OpenGL\Quadric.cpp">
      <Filter>OpenGL</Filter>
    </ClCompile>
    <ClCompile Include="OpenGL\ShaderProgram.cpp">
      <Filter>OpenGL</Filter>
    </ClCompile>
    <ClCompile Include="OpenGL\Shaders.cpp">
      <Filter>OpenGL</Filter>
    </ClCompile>
    <ClCompile Include="OpenGL\Texture.cpp">
      <Filter>OpenGL</Filter>
    </ClCompile>
    <ClCompile Include="Renderable.cpp">
      <Filter>3D</Filter>
    </ClCompile>
    <ClCompile Include="ShapeIFS.cpp">
      <Filter>3D</Filter>
    </ClCompile>
    <ClCompile Include="MyTrMatrix.cpp">
      <Filter>3D</Filter>
    </ClCompile>
    <ClCompile Include="MyPolygon.cpp">
      <Filter>3D</Filter>
    </ClCompile>
    <ClCompile Include="MyMatrix.cpp">
      <Filter>3D</Filter>
    </ClCompile>
    <ClCompile Include="KwEdit.cpp">
      <Filter>GUI</Filter>
    </ClCompile>
    <ClCompile Include="PParamsWidget.cpp">
      <Filter>GUI</Filter>
    </ClCompile>
    <ClCompile Include="GLWidget.cpp">
      <Filter>GUI</Filter>
    </ClCompile>
    <ClCompile Include="ControlPanel.cpp">
      <Filter>GUI</Filter>
    </ClCompile>
    <ClCompile Include="ShaderConfigDlg.cpp">
      <Filter>GUI</Filter>
    </ClCompile>
    <ClCompile Include="ProjBrowser.cpp">
      <Filter>GUI</Filter>
    </ClCompile>
    <ClCompile Include="PresetModels.cpp">
      <Filter>3D</Filter>
    </ClCompile>
    <ClCompile Include="ParamUI.cpp">
      <Filter>GUI</Filter>
    </ClCompile>
    <ClCompile Include="NoiseGenerator.cpp">
      <Filter>3D</Filter>
    </ClCompile>
    <ClCompile Include="KwParser.cpp">
      <Filter>GUI</Filter>
    </ClCompile>
    <ClCompile Include="GaussianGenerator.cpp">
      <Filter>3D</Filter>
    </ClCompile>
    <ClCompile Include="DistMapTexture.cpp">
      <Filter>3D</Filter>
    </ClCompile>
    <ClCompile Include="GeometryGenerators.cpp">
      <Filter>3D</Filter>
    </ClCompile>
  </ItemGroup>
  <ItemGroup>
    <ClInclude Include="GeneratedFiles\ui_DispContDlg.h">
      <Filter>Generated Files</Filter>
    </ClInclude>
    <ClInclude Include="GeneratedFiles\ui_KawaiiGL.h">
      <Filter>Generated Files</Filter>
    </ClInclude>
    <ClInclude Include="GeneratedFiles\ui_KwEdit.h">
      <Filter>Generated Files</Filter>
    </ClInclude>
    <ClInclude Include="GeneratedFiles\ui_PParamsWidget.h">
      <Filter>Generated Files</Filter>
    </ClInclude>
    <ClInclude Include="GeneratedFiles\ui_ProjBrowser.h">
      <Filter>Generated Files</Filter>
    </ClInclude>
    <ClInclude Include="GeneratedFiles\ui_ShaderConfigDlg.h">
      <Filter>Generated Files</Filter>
    </ClInclude>
    <ClInclude Include="general.h">
      <Filter>main</Filter>
    </ClInclude>
    <ClInclude Include="GlobDefs.h">
      <Filter>main</Filter>
    </ClInclude>
    <ClInclude Include="GeneratedFiles\ui_MyColorPicker.h">
      <Filter>Generated Files</Filter>
    </ClInclude>
    <ClInclude Include="GeneratedFiles\ui_MyInputDlg.h">
      <Filter>Generated Files</Filter>
    </ClInclude>
    <ClInclude Include="MyLib\WidgetMenuer.h">
      <Filter>MyLib</Filter>
    </ClInclude>
    <ClInclude Include="MyLib\CtxTreeWidget.h">
      <Filter>MyLib</Filter>
    </ClInclude>
    <ClInclude Include="MyLib\ExGroupBox.h">
      <Filter>MyLib</Filter>
    </ClInclude>
    <ClInclude Include="MyLib\Mesh.h">
      <Filter>MyLib</Filter>
    </ClInclude>
    <ClInclude Include="MyLib\MeshIO.h">
      <Filter>MyLib</Filter>
    </ClInclude>
    <ClInclude Include="MyLib\paramSpecialization.h">
      <Filter>MyLib</Filter>
    </ClInclude>
    <ClInclude Include="MyLib\TrMatrix.h">
      <Filter>MyLib</Filter>
    </ClInclude>
    <ClInclude Include="MyLib\Vec.h">
      <Filter>MyLib</Filter>
    </ClInclude>
    <ClInclude Include="MyLib\GSDFile\GSDParser.h">
      <Filter>MyLib\QtAdd</Filter>
    </ClInclude>
    <ClInclude Include="OpenGL\Texture.h">
      <Filter>OpenGL</Filter>
    </ClInclude>
    <ClInclude Include="OpenGL\glGlob.h">
      <Filter>OpenGL</Filter>
    </ClInclude>
    <ClInclude Include="OpenGL\MyFrameBufferObject.h">
      <Filter>OpenGL</Filter>
    </ClInclude>
    <ClInclude Include="OpenGL\Quadric.h">
      <Filter>OpenGL</Filter>
    </ClInclude>
    <ClInclude Include="OpenGL\ShaderProgram.h">
      <Filter>OpenGL</Filter>
    </ClInclude>
    <ClInclude Include="OpenGL\Shaders.h">
      <Filter>OpenGL</Filter>
    </ClInclude>
    <ClInclude Include="Renderable.h">
      <Filter>3D</Filter>
    </ClInclude>
    <ClInclude Include="ShapeIFS.h">
      <Filter>3D</Filter>
    </ClInclude>
    <ClInclude Include="MyTrMatrix.h">
      <Filter>3D</Filter>
    </ClInclude>
    <ClInclude Include="MyPolygon.h">
      <Filter>3D</Filter>
    </ClInclude>
    <ClInclude Include="MyPoint.h">
      <Filter>3D</Filter>
    </ClInclude>
    <ClInclude Include="MyMatrix.h">
      <Filter>3D</Filter>
    </ClInclude>
    <ClInclude Include="Pool.h">
      <Filter>3D</Filter>
    </ClInclude>
    <ClInclude Include="Texture.h">
      <Filter>3D</Filter>
    </ClInclude>
    <ClInclude Include="ProgInput.h">
      <Filter>GUI</Filter>
    </ClInclude>
    <ClInclude Include="PresetModels.h">
      <Filter>3D</Filter>
    </ClInclude>
    <ClInclude Include="NoiseGenerator.h">
      <Filter>3D</Filter>
    </ClInclude>
    <ClInclude Include="KwParser.h">
      <Filter>GUI</Filter>
    </ClInclude>
    <ClInclude Include="GaussianGenerator.h">
      <Filter>3D</Filter>
    </ClInclude>
    <ClInclude Include="DistMapTexture.h">
      <Filter>3D</Filter>
    </ClInclude>
  </ItemGroup>
  <ItemGroup>
    <Image Include="images\arrow-circle.png">
      <Filter>Resource Files</Filter>
    </Image>
    <Image Include="images\arrow-down.png">
      <Filter>Resource Files</Filter>
    </Image>
    <Image Include="images\arrow-switch-270.png">
      <Filter>Resource Files</Filter>
    </Image>
    <Image Include="images\arrow-up.png">
      <Filter>Resource Files</Filter>
    </Image>
    <Image Include="images\cross.png">
      <Filter>Resource Files</Filter>
    </Image>
    <Image Include="images\doc_frag.png">
      <Filter>Resource Files</Filter>
    </Image>
    <Image Include="images\doc_geom.png">
      <Filter>Resource Files</Filter>
    </Image>
    <Image Include="images\doc_model.png">
      <Filter>Resource Files</Filter>
    </Image>
    <Image Include="images\doc_vtx.png">
      <Filter>Resource Files</Filter>
    </Image>
    <Image Include="images\gear.png">
      <Filter>Resource Files</Filter>
    </Image>
    <Image Include="images\save.png">
      <Filter>Resource Files</Filter>
    </Image>
  </ItemGroup>
  <ItemGroup>
    <None Include="MyLib\QtAdd\QtColorTriangle" />
    <None Include="ClassDiagram.cd" />
  </ItemGroup>
</Project>